
Microsoft Visual Studio Solution File, Format Version 12.00
# Visual Studio 15
VisualStudioVersion = 15.0.28307.1022
MinimumVisualStudioVersion = 10.0.40219.1
Project("{FAE04EC0-301F-11D3-BF4B-00C04F79EFBC}") = "Constructores", "Constructores\Constructores.csproj", "{B4E91C8E-C77C-4A00-9F7B-70838AA426D5}"
EndProject
Global
	GlobalSection(SolutionConfigurationPlatforms) = preSolution
		Debug|Any CPU = Debug|Any CPU
		Release|Any CPU = Release|Any CPU
	EndGlobalSection
	GlobalSection(ProjectConfigurationPlatforms) = postSolution
		{B4E91C8E-C77C-4A00-9F7B-70838AA426D5}.Debug|Any CPU.ActiveCfg = Debug|Any CPU
		{B4E91C8E-C77C-4A00-9F7B-70838AA426D5}.Debug|Any CPU.Build.0 = Debug|Any CPU
		{B4E91C8E-C77C-4A00-9F7B-70838AA426D5}.Release|Any CPU.ActiveCfg = Release|Any CPU
		{B4E91C8E-C77C-4A00-9F7B-70838AA426D5}.Release|Any CPU.Build.0 = Release|Any CPU
	EndGlobalSection
	GlobalSection(SolutionProperties) = preSolution
		HideSolutionNode = FALSE
	EndGlobalSection
	GlobalSection(ExtensibilityGlobals) = postSolution
		SolutionGuid = {76341C1C-391C-4B89-99CF-A3DC9BCC83AA}
	EndGlobalSection
EndGlobal
